<?xml version="1.0" encoding="utf-8"?>
<Project ToolsVersion="4.0" xmlns="http://schemas.microsoft.com/developer/msbuild/2003">
  <ItemGroup>
    <Filter Include="File di origine">
      <UniqueIdentifier>{4FC737F1-C7A5-4376-A066-2A32D752A2FF}</UniqueIdentifier>
      <Extensions>cpp;c;cc;cxx;c++;cppm;ixx;def;odl;idl;hpj;bat;asm;asmx</Extensions>
    </Filter>
    <Filter Include="File di intestazione">
      <UniqueIdentifier>{93995380-89BD-4b04-88EB-625FBE52EBFB}</UniqueIdentifier>
      <Extensions>h;hh;hpp;hxx;h++;hm;inl;inc;ipp;xsd</Extensions>
    </Filter>
    <Filter Include="File di risorse">
      <UniqueIdentifier>{67DA6AB6-F800-4c08-8B7A-83BB121AAD01}</UniqueIdentifier>
      <Extensions>rc;ico;cur;bmp;dlg;rc2;rct;bin;rgs;gif;jpg;jpeg;jpe;resx;tiff;tif;png;wav;mfcribbon-ms</Extensions>
    </Filter>
    <Filter Include="File di risorse\Shaders">
      <UniqueIdentifier>{9668923d-759b-4d27-a751-22bb28661924}</UniqueIdentifier>
    </Filter>
    <Filter Include="File di risorse\Textures">
      <UniqueIdentifier>{12fd2d77-8980-4bba-9acb-c44faf3ec8ba}</UniqueIdentifier>
    </Filter>
  </ItemGroup>
  <ItemGroup>
    <ClCompile Include="Progetto_Walter_Ester_Pog.cpp">
      <Filter>File di origine</Filter>
    </ClCompile>
    <ClCompile Include="glad.c">
      <Filter>File di origine</Filter>
    </ClCompile>
    <ClCompile Include="Mat4F.cpp">
      <Filter>File di origine</Filter>
    </ClCompile>
    <ClCompile Include="Vec3F.cpp">
      <Filter>File di origine</Filter>
    </ClCompile>
    <ClCompile Include="Vec4F.cpp">
      <Filter>File di origine</Filter>
    </ClCompile>
    <ClCompile Include="Vec2F.cpp">
      <Filter>File di origine</Filter>
    </ClCompile>
  </ItemGroup>
  <ItemGroup>
    <ClInclude Include="Generale.h">
      <Filter>File di intestazione</Filter>
    </ClInclude>
    <ClInclude Include="Mat4F.h">
      <Filter>File di intestazione</Filter>
    </ClInclude>
    <ClInclude Include="Vec3F.h">
      <Filter>File di intestazione</Filter>
    </ClInclude>
    <ClInclude Include="Vec4F.h">
      <Filter>File di intestazione</Filter>
    </ClInclude>
    <ClInclude Include="stb_image.h">
      <Filter>File di intestazione</Filter>
    </ClInclude>
    <ClInclude Include="Vec2F.h">
      <Filter>File di intestazione</Filter>
    </ClInclude>
    <ClInclude Include="Model_Class.h">
      <Filter>File di intestazione</Filter>
    </ClInclude>
    <ClInclude Include="Mesh_Class.h">
      <Filter>File di intestazione</Filter>
    </ClInclude>
    <ClInclude Include="Shader_Class.h">
      <Filter>File di intestazione</Filter>
    </ClInclude>
    <ClInclude Include="Camera_Class.h">
      <Filter>File di intestazione</Filter>
    </ClInclude>
    <ClInclude Include="View_Class.h">
      <Filter>File di intestazione</Filter>
    </ClInclude>
  </ItemGroup>
  <ItemGroup>
    <None Include="Model_VS.vs">
      <Filter>File di risorse\Shaders</Filter>
    </None>
    <None Include="Model_FS.fs">
      <Filter>File di risorse\Shaders</Filter>
    </None>
    <None Include="point_shadow_depth.vs">
      <Filter>File di risorse\Shaders</Filter>
    </None>
    <None Include="point_shadow_depth.fs">
      <Filter>File di risorse\Shaders</Filter>
    </None>
    <None Include="point_shadow_depth.gs">
      <Filter>File di risorse\Shaders</Filter>
    </None>
  </ItemGroup>
</Project>